
Microsoft Visual Studio Solution File, Format Version 12.00
# Visual Studio Version 17
VisualStudioVersion = 17.9.34902.65
MinimumVisualStudioVersion = 10.0.40219.1
Project("{9A19103F-16F7-4668-BE54-9A1E7A4F7556}") = "DemoEmployeeDb", "DemoEmployeeDb\DemoEmployeeDb.csproj", "{051118A1-E7D9-4D6C-9145-1F7D2096426D}"
EndProject
Global
	GlobalSection(SolutionConfigurationPlatforms) = preSolution
		Debug|Any CPU = Debug|Any CPU
		Release|Any CPU = Release|Any CPU
	EndGlobalSection
	GlobalSection(ProjectConfigurationPlatforms) = postSolution
		{051118A1-E7D9-4D6C-9145-1F7D2096426D}.Debug|Any CPU.ActiveCfg = Debug|Any CPU
		{051118A1-E7D9-4D6C-9145-1F7D2096426D}.Debug|Any CPU.Build.0 = Debug|Any CPU
		{051118A1-E7D9-4D6C-9145-1F7D2096426D}.Release|Any CPU.ActiveCfg = Release|Any CPU
		{051118A1-E7D9-4D6C-9145-1F7D2096426D}.Release|Any CPU.Build.0 = Release|Any CPU
	EndGlobalSection
	GlobalSection(SolutionProperties) = preSolution
		HideSolutionNode = FALSE
	EndGlobalSection
	GlobalSection(ExtensibilityGlobals) = postSolution
		SolutionGuid = {091FD65A-4CA8-459D-8E65-01A73B66B8E4}
	EndGlobalSection
EndGlobal
